
Microsoft Visual Studio Solution File, Format Version 12.00
# Visual Studio Version 17
VisualStudioVersion = 17.13.35825.156 d17.13
MinimumVisualStudioVersion = 10.0.40219.1
Project("{FAE04EC0-301F-11D3-BF4B-00C04F79EFBC}") = "Лабораторная1_1", "Лабораторная1_1.csproj", "{B2CCE8B0-DAA8-46BF-BB43-7AA460B65E44}"
EndProject
Global
	GlobalSection(SolutionConfigurationPlatforms) = preSolution
		Debug|Any CPU = Debug|Any CPU
		Release|Any CPU = Release|Any CPU
	EndGlobalSection
	GlobalSection(ProjectConfigurationPlatforms) = postSolution
		{B2CCE8B0-DAA8-46BF-BB43-7AA460B65E44}.Debug|Any CPU.ActiveCfg = Debug|Any CPU
		{B2CCE8B0-DAA8-46BF-BB43-7AA460B65E44}.Debug|Any CPU.Build.0 = Debug|Any CPU
		{B2CCE8B0-DAA8-46BF-BB43-7AA460B65E44}.Release|Any CPU.ActiveCfg = Release|Any CPU
		{B2CCE8B0-DAA8-46BF-BB43-7AA460B65E44}.Release|Any CPU.Build.0 = Release|Any CPU
	EndGlobalSection
	GlobalSection(SolutionProperties) = preSolution
		HideSolutionNode = FALSE
	EndGlobalSection
	GlobalSection(ExtensibilityGlobals) = postSolution
		SolutionGuid = {73010E3C-F4B0-43D4-BB7F-7356AB76A8E4}
	EndGlobalSection
EndGlobal
